
Microsoft Visual Studio Solution File, Format Version 12.00
# Visual Studio Version 17
VisualStudioVersion = 17.14.36717.8 d17.14
MinimumVisualStudioVersion = 10.0.40219.1
Project("{FAE04EC0-301F-11D3-BF4B-00C04F79EFBC}") = "CanDriveUnitTest", "CanDriveUnitTest.csproj", "{272E869F-600B-4FBC-B410-A870B07D1AA3}"
EndProject
Global
	GlobalSection(SolutionConfigurationPlatforms) = preSolution
		Debug|Any CPU = Debug|Any CPU
		Release|Any CPU = Release|Any CPU
	EndGlobalSection
	GlobalSection(ProjectConfigurationPlatforms) = postSolution
		{272E869F-600B-4FBC-B410-A870B07D1AA3}.Debug|Any CPU.ActiveCfg = Debug|Any CPU
		{272E869F-600B-4FBC-B410-A870B07D1AA3}.Debug|Any CPU.Build.0 = Debug|Any CPU
		{272E869F-600B-4FBC-B410-A870B07D1AA3}.Release|Any CPU.ActiveCfg = Release|Any CPU
		{272E869F-600B-4FBC-B410-A870B07D1AA3}.Release|Any CPU.Build.0 = Release|Any CPU
	EndGlobalSection
	GlobalSection(SolutionProperties) = preSolution
		HideSolutionNode = FALSE
	EndGlobalSection
	GlobalSection(ExtensibilityGlobals) = postSolution
		SolutionGuid = {C1BACFC9-0AED-4611-9FDA-CD9878EF7F31}
	EndGlobalSection
EndGlobal
